
Microsoft Visual Studio Solution File, Format Version 12.00
# Visual Studio Version 17
VisualStudioVersion = 17.12.35527.113
MinimumVisualStudioVersion = 10.0.40219.1
Project("{FAE04EC0-301F-11D3-BF4B-00C04F79EFBC}") = "FirstBackend_AI", "FirstBackend_AI\FirstBackend_AI.csproj", "{53E4876D-0C1E-42F0-B009-116371E6BA55}"
EndProject
Project("{2150E333-8FDC-42A3-9474-1A3956D46DE8}") = "Projektmappenelemente", "Projektmappenelemente", "{0D3B7E01-B76B-460E-9FD3-530D701AB842}"
	ProjectSection(SolutionItems) = preProject
		.env = .env
	EndProjectSection
EndProject
Global
	GlobalSection(SolutionConfigurationPlatforms) = preSolution
		Debug|Any CPU = Debug|Any CPU
		Release|Any CPU = Release|Any CPU
	EndGlobalSection
	GlobalSection(ProjectConfigurationPlatforms) = postSolution
		{53E4876D-0C1E-42F0-B009-116371E6BA55}.Debug|Any CPU.ActiveCfg = Debug|Any CPU
		{53E4876D-0C1E-42F0-B009-116371E6BA55}.Debug|Any CPU.Build.0 = Debug|Any CPU
		{53E4876D-0C1E-42F0-B009-116371E6BA55}.Release|Any CPU.ActiveCfg = Release|Any CPU
		{53E4876D-0C1E-42F0-B009-116371E6BA55}.Release|Any CPU.Build.0 = Release|Any CPU
	EndGlobalSection
	GlobalSection(SolutionProperties) = preSolution
		HideSolutionNode = FALSE
	EndGlobalSection
EndGlobal
